
Microsoft Visual Studio Solution File, Format Version 12.00
# Visual Studio Version 17
VisualStudioVersion = 17.5.002.0
MinimumVisualStudioVersion = 10.0.40219.1
Project("{9A19103F-16F7-4668-BE54-9A1E7A4F7556}") = "understanding-a-basic-c-program-whitney-wolf-student", "understanding-a-basic-c-program-whitney-wolf-student.csproj", "{51967273-7550-402B-8A51-ED48B580BAD2}"
EndProject
Global
	GlobalSection(SolutionConfigurationPlatforms) = preSolution
		Debug|Any CPU = Debug|Any CPU
		Release|Any CPU = Release|Any CPU
	EndGlobalSection
	GlobalSection(ProjectConfigurationPlatforms) = postSolution
		{51967273-7550-402B-8A51-ED48B580BAD2}.Debug|Any CPU.ActiveCfg = Debug|Any CPU
		{51967273-7550-402B-8A51-ED48B580BAD2}.Debug|Any CPU.Build.0 = Debug|Any CPU
		{51967273-7550-402B-8A51-ED48B580BAD2}.Release|Any CPU.ActiveCfg = Release|Any CPU
		{51967273-7550-402B-8A51-ED48B580BAD2}.Release|Any CPU.Build.0 = Release|Any CPU
	EndGlobalSection
	GlobalSection(SolutionProperties) = preSolution
		HideSolutionNode = FALSE
	EndGlobalSection
	GlobalSection(ExtensibilityGlobals) = postSolution
		SolutionGuid = {E38E8236-A1DE-415F-8C21-818200D41351}
	EndGlobalSection
EndGlobal
